
Microsoft Visual Studio Solution File, Format Version 12.00
# Visual Studio Version 16
VisualStudioVersion = 16.0.29102.190
MinimumVisualStudioVersion = 10.0.40219.1
Project("{FAE04EC0-301F-11D3-BF4B-00C04F79EFBC}") = "PDV.DAO", "PDV.DAO\PDV.DAO.csproj", "{397D862C-3539-4D10-AB60-4376AF4F010A}"
EndProject
Project("{FAE04EC0-301F-11D3-BF4B-00C04F79EFBC}") = "One ERP Desktop", "PDV.VIEW\One ERP Desktop.csproj", "{5C9C61FB-E97D-4B25-A478-70DD088F1219}"
EndProject
Project("{FAE04EC0-301F-11D3-BF4B-00C04F79EFBC}") = "PDV.REPORTS", "PDV.REPORTS\PDV.REPORTS.csproj", "{53A7565D-3528-4B14-8B71-191774147FAA}"
EndProject
Project("{FAE04EC0-301F-11D3-BF4B-00C04F79EFBC}") = "PDV.CONTROLLER.NFCE", "PDV.CONTROLLER.NFCE\PDV.CONTROLLER.NFCE.csproj", "{F8DF9E98-7110-41B6-A72F-B5D84872FC1C}"
EndProject
Project("{FAE04EC0-301F-11D3-BF4B-00C04F79EFBC}") = "PDV.CONTROLLER.FISCAL", "PDV.CONTROLLER.FISCAL\PDV.CONTROLLER.FISCAL.csproj", "{51415768-8F4C-4D90-9418-26B874FDC05B}"
EndProject
Project("{FAE04EC0-301F-11D3-BF4B-00C04F79EFBC}") = "PDV.CONTROLLER.NFE", "PDV.CONTROLLER.NFE\PDV.CONTROLLER.NFE.csproj", "{D4701AC6-4053-484F-911E-3B84EA13A02E}"
EndProject
Project("{FAE04EC0-301F-11D3-BF4B-00C04F79EFBC}") = "PDV.CONTROLLER.EVENTONFE", "PDV.CONTROLLER.EVENTONFE\PDV.CONTROLLER.EVENTONFE.csproj", "{B3ABA9D9-0B7F-4650-A861-2D2007016932}"
EndProject
Project("{FAE04EC0-301F-11D3-BF4B-00C04F79EFBC}") = "One PDV Desktop", "PDV.VIEW.FRENTECAIXA\One PDV Desktop.csproj", "{065DCA43-1BEA-40CB-8EC4-55F3426682DD}"
EndProject
Project("{FAE04EC0-301F-11D3-BF4B-00C04F79EFBC}") = "PDV.UTIL", "PDV.UTIL\PDV.UTIL.csproj", "{D0AA02CB-A9D4-47B0-9E06-F96760D03D96}"
EndProject
Project("{FAE04EC0-301F-11D3-BF4B-00C04F79EFBC}") = "PDV.UTIL.FORMS", "PDV.UTIL.FORMS\PDV.UTIL.FORMS.csproj", "{8F63B583-B178-492B-A29D-CC395EE4537C}"
EndProject
Project("{FAE04EC0-301F-11D3-BF4B-00C04F79EFBC}") = "PDV.VIEW.BOLETO", "PDV.VIEW.BOLETO\PDV.VIEW.BOLETO.csproj", "{2311E055-5759-475D-A473-0D9434B13745}"
EndProject
Project("{FAE04EC0-301F-11D3-BF4B-00C04F79EFBC}") = "PDV.VIEW.SINTEGRA", "PDV.VIEW.SINTEGRA\PDV.VIEW.SINTEGRA.csproj", "{717736B2-0985-420F-B2CC-6CB4B3ED94C0}"
EndProject
Project("{FAE04EC0-301F-11D3-BF4B-00C04F79EFBC}") = "PDV.CONTROLLER.MDFE", "PDV.CONTROLLER.MDFE\PDV.CONTROLLER.MDFE.csproj", "{C0D424AB-7992-4E6A-97FC-199B11C08776}"
EndProject
Project("{FAE04EC0-301F-11D3-BF4B-00C04F79EFBC}") = "PDV.INTEGRADOR.ERP", "PDV.INTEGRADOR.ERP\IntegradorZeusPDV\PDV.INTEGRADOR.ERP.csproj", "{FB411058-ED61-4AD3-A684-7C64879898A9}"
EndProject
Project("{FAE04EC0-301F-11D3-BF4B-00C04F79EFBC}") = "PDV.INTEGRADOR.ERP.DB", "PDV.INTEGRADOR.ERP\IntegradorZeusPDV.DB\PDV.INTEGRADOR.ERP.DB.csproj", "{AB3E3B37-C7B5-4DDC-B23E-FAB3CE9369A8}"
EndProject
Project("{FAE04EC0-301F-11D3-BF4B-00C04F79EFBC}") = "PDV.INTEGRADOR.ERP.MODEL", "PDV.INTEGRADOR.ERP\IntegradorZeusPDV.MODEL\PDV.INTEGRADOR.ERP.MODEL.csproj", "{B98E3470-1575-469A-A76C-72DB3BEFC13B}"
EndProject
Project("{FAE04EC0-301F-11D3-BF4B-00C04F79EFBC}") = "PDV.INTEGRADOR.ERP.CONTROLLER", "PDV.INTEGRADOR.ERP\IntegradorZeusPDV.CONTROLLER\PDV.INTEGRADOR.ERP.CONTROLLER.csproj", "{877BCB0E-B0EA-49DE-A266-02C688E88F6E}"
EndProject
Project("{FAE04EC0-301F-11D3-BF4B-00C04F79EFBC}") = "PDV.SERVICE", "PDV.SERVICE\PDV.SERVICE.csproj", "{11FB0A97-DBC4-4D14-A1E9-C6EF0ED66DDE}"
EndProject
Project("{2150E333-8FDC-42A3-9474-1A3956D46DE8}") = "Controler", "Controler", "{1990D91A-70C6-429A-88C9-9ED9AA1C6BD1}"
EndProject
Project("{2150E333-8FDC-42A3-9474-1A3956D46DE8}") = "Model", "Model", "{93F9B0B3-7DDB-4444-AC5B-9C8F98E21784}"
EndProject
Project("{2150E333-8FDC-42A3-9474-1A3956D46DE8}") = "View", "View", "{29A247F1-5E3D-4B30-B100-1955E67A91FB}"
EndProject
Project("{2150E333-8FDC-42A3-9474-1A3956D46DE8}") = "Reports", "Reports", "{1B9D4A97-DEB8-462F-AC3E-141B32B47952}"
EndProject
Project("{2150E333-8FDC-42A3-9474-1A3956D46DE8}") = "Ultil", "Ultil", "{D83C5DCD-A521-49B9-B177-0AA9F75F6BBE}"
EndProject
Project("{2150E333-8FDC-42A3-9474-1A3956D46DE8}") = "Service", "Service", "{AA3D2B7C-9C69-4560-983A-7D04D54721D9}"
EndProject
Project("{2150E333-8FDC-42A3-9474-1A3956D46DE8}") = "Dados", "Dados", "{E0D9BE50-D1FF-4399-8415-0510833A1449}"
EndProject
Project("{2150E333-8FDC-42A3-9474-1A3956D46DE8}") = "Integração", "Integração", "{EE7BEA7D-CE75-49A5-9071-0024C5984B04}"
EndProject
Project("{2150E333-8FDC-42A3-9474-1A3956D46DE8}") = "Versao", "Versao", "{0BF8C4EA-04B4-4C91-B139-EF2437A7F1BD}"
	ProjectSection(SolutionItems) = preProject
		zerar.txt = zerar.txt
	EndProjectSection
EndProject
Project("{FAE04EC0-301F-11D3-BF4B-00C04F79EFBC}") = "PDV.CONTROLER", "PDV.CONTROLER\PDV.CONTROLER.csproj", "{245D7222-45B5-4DE2-BAE5-17F4F031B2A2}"
EndProject
Project("{2150E333-8FDC-42A3-9474-1A3956D46DE8}") = "Solution Items", "Solution Items", "{F06E0CCB-3755-4ECB-8F65-2B169B01EA97}"
	ProjectSection(SolutionItems) = preProject
		ZerarBase.sql = ZerarBase.sql
		ZerarDataBase.sql = ZerarDataBase.sql
	EndProjectSection
EndProject
Project("{FAE04EC0-301F-11D3-BF4B-00C04F79EFBC}") = "PDV.NFCE.MOTORCONTINGENCIA", "PDV.NFCE.MOTORCONTINGENCIA\PDV.NFCE.MOTORCONTINGENCIA.csproj", "{9450F18B-E27B-4586-BA0E-E2D39D06DEDC}"
EndProject
Project("{FAE04EC0-301F-11D3-BF4B-00C04F79EFBC}") = "ConrollerLicença", "PDV.UTIL\ConrollerLicença\ConrollerLicença.csproj", "{18337ADA-68DD-4A2B-9653-21A5219D5DDA}"
EndProject
Project("{2150E333-8FDC-42A3-9474-1A3956D46DE8}") = "Banco", "Banco", "{4F912E88-40D5-440D-A7A0-79332327D5E3}"
	ProjectSection(SolutionItems) = preProject
		..\..\Dados\NFCeFaciScriptl.backup = ..\..\Dados\NFCeFaciScriptl.backup
		..\..\Users\Jhaynara\Downloads\postgresql-10.10-2-windows-x64 (2).exe = ..\..\Users\Jhaynara\Downloads\postgresql-10.10-2-windows-x64 (2).exe
		Banco de Dados\PostgreSQL-9.6.11-1-win64-bigsql.exe = Banco de Dados\PostgreSQL-9.6.11-1-win64-bigsql.exe
	EndProjectSection
EndProject
Project("{FAE04EC0-301F-11D3-BF4B-00C04F79EFBC}") = "ModelAndroidAppSimples", "ModelAndroidAppSimples\ModelAndroidAppSimples.csproj", "{854D7642-C9AD-4F40-8C03-E564B0F1F865}"
EndProject
Project("{FAE04EC0-301F-11D3-BF4B-00C04F79EFBC}") = "PDV.CONTROLLER.MFE", "PDV.CONTROLLER.MFE\PDV.CONTROLLER.MFE.csproj", "{407FBF96-3DFF-420C-95C3-F5D0E3EB1A78}"
EndProject
Project("{2150E333-8FDC-42A3-9474-1A3956D46DE8}") = "Setup", "Setup", "{08A5618B-348B-424A-9CD7-E3EEEFA13966}"
	ProjectSection(SolutionItems) = preProject
		..\..\Users\Abreu\Desktop\ScriptDue.iss = ..\..\Users\Abreu\Desktop\ScriptDue.iss
	EndProjectSection
EndProject
Project("{FAE04EC0-301F-11D3-BF4B-00C04F79EFBC}") = "BaseProdutos", "BaseProdutos\BaseProdutos.csproj", "{727D546E-DA1F-4652-8D4E-42FA07C402B8}"
EndProject
Project("{FAE04EC0-301F-11D3-BF4B-00C04F79EFBC}") = "Atualizador WEB", "Atualizador WEB\Atualizador WEB.csproj", "{181E5FB6-219C-4AC9-A27D-EB1F8452B8D2}"
EndProject
Project("{FAE04EC0-301F-11D3-BF4B-00C04F79EFBC}") = "IntegracaoMFE", "IntegracaoMFE\IntegracaoMFE.csproj", "{D56C21F1-2CB5-44CA-A03A-35B3E3943DE1}"
EndProject
Project("{FAE04EC0-301F-11D3-BF4B-00C04F79EFBC}") = "ModelAndroidApp", "ModelAndroidApp\ModelAndroidApp.csproj", "{792FD9AC-9348-4E9B-9FC2-3F15E020E611}"
EndProject
Project("{9A19103F-16F7-4668-BE54-9A1E7A4F7556}") = "Gerene.DFe.EscPos", "Gerene.DFe.EscPos\Gerene.DFe.EscPos.csproj", "{F1E7EFBF-0DCD-4CE0-8E07-BAAE2B053FB0}"
EndProject
Global
	GlobalSection(SolutionConfigurationPlatforms) = preSolution
		Debug|Any CPU = Debug|Any CPU
		Debug|ARM = Debug|ARM
		Debug|x64 = Debug|x64
		Debug|x86 = Debug|x86
		Release|Any CPU = Release|Any CPU
		Release|ARM = Release|ARM
		Release|x64 = Release|x64
		Release|x86 = Release|x86
	EndGlobalSection
	GlobalSection(ProjectConfigurationPlatforms) = postSolution
		{397D862C-3539-4D10-AB60-4376AF4F010A}.Debug|Any CPU.ActiveCfg = Debug|Any CPU
		{397D862C-3539-4D10-AB60-4376AF4F010A}.Debug|Any CPU.Build.0 = Debug|Any CPU
		{397D862C-3539-4D10-AB60-4376AF4F010A}.Debug|ARM.ActiveCfg = Debug|Any CPU
		{397D862C-3539-4D10-AB60-4376AF4F010A}.Debug|ARM.Build.0 = Debug|Any CPU
		{397D862C-3539-4D10-AB60-4376AF4F010A}.Debug|x64.ActiveCfg = Debug|x86
		{397D862C-3539-4D10-AB60-4376AF4F010A}.Debug|x64.Build.0 = Debug|x86
		{397D862C-3539-4D10-AB60-4376AF4F010A}.Debug|x86.ActiveCfg = Debug|x86
		{397D862C-3539-4D10-AB60-4376AF4F010A}.Debug|x86.Build.0 = Debug|x86
		{397D862C-3539-4D10-AB60-4376AF4F010A}.Release|Any CPU.ActiveCfg = Release|Any CPU
		{397D862C-3539-4D10-AB60-4376AF4F010A}.Release|Any CPU.Build.0 = Release|Any CPU
		{397D862C-3539-4D10-AB60-4376AF4F010A}.Release|ARM.ActiveCfg = Release|Any CPU
		{397D862C-3539-4D10-AB60-4376AF4F010A}.Release|ARM.Build.0 = Release|Any CPU
		{397D862C-3539-4D10-AB60-4376AF4F010A}.Release|x64.ActiveCfg = Release|Any CPU
		{397D862C-3539-4D10-AB60-4376AF4F010A}.Release|x64.Build.0 = Release|Any CPU
		{397D862C-3539-4D10-AB60-4376AF4F010A}.Release|x86.ActiveCfg = Release|x86
		{397D862C-3539-4D10-AB60-4376AF4F010A}.Release|x86.Build.0 = Release|x86
		{5C9C61FB-E97D-4B25-A478-70DD088F1219}.Debug|Any CPU.ActiveCfg = Debug|Any CPU
		{5C9C61FB-E97D-4B25-A478-70DD088F1219}.Debug|Any CPU.Build.0 = Debug|Any CPU
		{5C9C61FB-E97D-4B25-A478-70DD088F1219}.Debug|ARM.ActiveCfg = Debug|Any CPU
		{5C9C61FB-E97D-4B25-A478-70DD088F1219}.Debug|ARM.Build.0 = Debug|Any CPU
		{5C9C61FB-E97D-4B25-A478-70DD088F1219}.Debug|x64.ActiveCfg = Debug|x86
		{5C9C61FB-E97D-4B25-A478-70DD088F1219}.Debug|x64.Build.0 = Debug|x86
		{5C9C61FB-E97D-4B25-A478-70DD088F1219}.Debug|x86.ActiveCfg = Debug|x86
		{5C9C61FB-E97D-4B25-A478-70DD088F1219}.Debug|x86.Build.0 = Debug|x86
		{5C9C61FB-E97D-4B25-A478-70DD088F1219}.Release|Any CPU.ActiveCfg = Release|Any CPU
		{5C9C61FB-E97D-4B25-A478-70DD088F1219}.Release|Any CPU.Build.0 = Release|Any CPU
		{5C9C61FB-E97D-4B25-A478-70DD088F1219}.Release|ARM.ActiveCfg = Release|Any CPU
		{5C9C61FB-E97D-4B25-A478-70DD088F1219}.Release|ARM.Build.0 = Release|Any CPU
		{5C9C61FB-E97D-4B25-A478-70DD088F1219}.Release|x64.ActiveCfg = Release|Any CPU
		{5C9C61FB-E97D-4B25-A478-70DD088F1219}.Release|x64.Build.0 = Release|Any CPU
		{5C9C61FB-E97D-4B25-A478-70DD088F1219}.Release|x86.ActiveCfg = Release|x86
		{5C9C61FB-E97D-4B25-A478-70DD088F1219}.Release|x86.Build.0 = Release|x86
		{53A7565D-3528-4B14-8B71-191774147FAA}.Debug|Any CPU.ActiveCfg = Debug|Any CPU
		{53A7565D-3528-4B14-8B71-191774147FAA}.Debug|Any CPU.Build.0 = Debug|Any CPU
		{53A7565D-3528-4B14-8B71-191774147FAA}.Debug|ARM.ActiveCfg = Debug|Any CPU
		{53A7565D-3528-4B14-8B71-191774147FAA}.Debug|ARM.Build.0 = Debug|Any CPU
		{53A7565D-3528-4B14-8B71-191774147FAA}.Debug|x64.ActiveCfg = Debug|x86
		{53A7565D-3528-4B14-8B71-191774147FAA}.Debug|x64.Build.0 = Debug|x86
		{53A7565D-3528-4B14-8B71-191774147FAA}.Debug|x86.ActiveCfg = Debug|x86
		{53A7565D-3528-4B14-8B71-191774147FAA}.Debug|x86.Build.0 = Debug|x86
		{53A7565D-3528-4B14-8B71-191774147FAA}.Release|Any CPU.ActiveCfg = Release|Any CPU
		{53A7565D-3528-4B14-8B71-191774147FAA}.Release|Any CPU.Build.0 = Release|Any CPU
		{53A7565D-3528-4B14-8B71-191774147FAA}.Release|ARM.ActiveCfg = Release|Any CPU
		{53A7565D-3528-4B14-8B71-191774147FAA}.Release|ARM.Build.0 = Release|Any CPU
		{53A7565D-3528-4B14-8B71-191774147FAA}.Release|x64.ActiveCfg = Release|Any CPU
		{53A7565D-3528-4B14-8B71-191774147FAA}.Release|x64.Build.0 = Release|Any CPU
		{53A7565D-3528-4B14-8B71-191774147FAA}.Release|x86.ActiveCfg = Release|x86
		{53A7565D-3528-4B14-8B71-191774147FAA}.Release|x86.Build.0 = Release|x86
		{F8DF9E98-7110-41B6-A72F-B5D84872FC1C}.Debug|Any CPU.ActiveCfg = Debug|Any CPU
		{F8DF9E98-7110-41B6-A72F-B5D84872FC1C}.Debug|Any CPU.Build.0 = Debug|Any CPU
		{F8DF9E98-7110-41B6-A72F-B5D84872FC1C}.Debug|ARM.ActiveCfg = Debug|Any CPU
		{F8DF9E98-7110-41B6-A72F-B5D84872FC1C}.Debug|ARM.Build.0 = Debug|Any CPU
		{F8DF9E98-7110-41B6-A72F-B5D84872FC1C}.Debug|x64.ActiveCfg = Debug|Any CPU
		{F8DF9E98-7110-41B6-A72F-B5D84872FC1C}.Debug|x64.Build.0 = Debug|Any CPU
		{F8DF9E98-7110-41B6-A72F-B5D84872FC1C}.Debug|x86.ActiveCfg = Debug|Any CPU
		{F8DF9E98-7110-41B6-A72F-B5D84872FC1C}.Debug|x86.Build.0 = Debug|Any CPU
		{F8DF9E98-7110-41B6-A72F-B5D84872FC1C}.Release|Any CPU.ActiveCfg = Release|Any CPU
		{F8DF9E98-7110-41B6-A72F-B5D84872FC1C}.Release|Any CPU.Build.0 = Release|Any CPU
		{F8DF9E98-7110-41B6-A72F-B5D84872FC1C}.Release|ARM.ActiveCfg = Release|Any CPU
		{F8DF9E98-7110-41B6-A72F-B5D84872FC1C}.Release|ARM.Build.0 = Release|Any CPU
		{F8DF9E98-7110-41B6-A72F-B5D84872FC1C}.Release|x64.ActiveCfg = Release|Any CPU
		{F8DF9E98-7110-41B6-A72F-B5D84872FC1C}.Release|x64.Build.0 = Release|Any CPU
		{F8DF9E98-7110-41B6-A72F-B5D84872FC1C}.Release|x86.ActiveCfg = Release|Any CPU
		{F8DF9E98-7110-41B6-A72F-B5D84872FC1C}.Release|x86.Build.0 = Release|Any CPU
		{51415768-8F4C-4D90-9418-26B874FDC05B}.Debug|Any CPU.ActiveCfg = Debug|Any CPU
		{51415768-8F4C-4D90-9418-26B874FDC05B}.Debug|Any CPU.Build.0 = Debug|Any CPU
		{51415768-8F4C-4D90-9418-26B874FDC05B}.Debug|ARM.ActiveCfg = Debug|Any CPU
		{51415768-8F4C-4D90-9418-26B874FDC05B}.Debug|ARM.Build.0 = Debug|Any CPU
		{51415768-8F4C-4D90-9418-26B874FDC05B}.Debug|x64.ActiveCfg = Debug|Any CPU
		{51415768-8F4C-4D90-9418-26B874FDC05B}.Debug|x64.Build.0 = Debug|Any CPU
		{51415768-8F4C-4D90-9418-26B874FDC05B}.Debug|x86.ActiveCfg = Debug|Any CPU
		{51415768-8F4C-4D90-9418-26B874FDC05B}.Debug|x86.Build.0 = Debug|Any CPU
		{51415768-8F4C-4D90-9418-26B874FDC05B}.Release|Any CPU.ActiveCfg = Release|Any CPU
		{51415768-8F4C-4D90-9418-26B874FDC05B}.Release|Any CPU.Build.0 = Release|Any CPU
		{51415768-8F4C-4D90-9418-26B874FDC05B}.Release|ARM.ActiveCfg = Release|Any CPU
		{51415768-8F4C-4D90-9418-26B874FDC05B}.Release|ARM.Build.0 = Release|Any CPU
		{51415768-8F4C-4D90-9418-26B874FDC05B}.Release|x64.ActiveCfg = Release|Any CPU
		{51415768-8F4C-4D90-9418-26B874FDC05B}.Release|x64.Build.0 = Release|Any CPU
		{51415768-8F4C-4D90-9418-26B874FDC05B}.Release|x86.ActiveCfg = Release|Any CPU
		{51415768-8F4C-4D90-9418-26B874FDC05B}.Release|x86.Build.0 = Release|Any CPU
		{D4701AC6-4053-484F-911E-3B84EA13A02E}.Debug|Any CPU.ActiveCfg = Debug|Any CPU
		{D4701AC6-4053-484F-911E-3B84EA13A02E}.Debug|Any CPU.Build.0 = Debug|Any CPU
		{D4701AC6-4053-484F-911E-3B84EA13A02E}.Debug|ARM.ActiveCfg = Debug|Any CPU
		{D4701AC6-4053-484F-911E-3B84EA13A02E}.Debug|ARM.Build.0 = Debug|Any CPU
		{D4701AC6-4053-484F-911E-3B84EA13A02E}.Debug|x64.ActiveCfg = Debug|Any CPU
		{D4701AC6-4053-484F-911E-3B84EA13A02E}.Debug|x64.Build.0 = Debug|Any CPU
		{D4701AC6-4053-484F-911E-3B84EA13A02E}.Debug|x86.ActiveCfg = Debug|Any CPU
		{D4701AC6-4053-484F-911E-3B84EA13A02E}.Debug|x86.Build.0 = Debug|Any CPU
		{D4701AC6-4053-484F-911E-3B84EA13A02E}.Release|Any CPU.ActiveCfg = Release|Any CPU
		{D4701AC6-4053-484F-911E-3B84EA13A02E}.Release|Any CPU.Build.0 = Release|Any CPU
		{D4701AC6-4053-484F-911E-3B84EA13A02E}.Release|ARM.ActiveCfg = Release|Any CPU
		{D4701AC6-4053-484F-911E-3B84EA13A02E}.Release|ARM.Build.0 = Release|Any CPU
		{D4701AC6-4053-484F-911E-3B84EA13A02E}.Release|x64.ActiveCfg = Release|Any CPU
		{D4701AC6-4053-484F-911E-3B84EA13A02E}.Release|x64.Build.0 = Release|Any CPU
		{D4701AC6-4053-484F-911E-3B84EA13A02E}.Release|x86.ActiveCfg = Release|Any CPU
		{D4701AC6-4053-484F-911E-3B84EA13A02E}.Release|x86.Build.0 = Release|Any CPU
		{B3ABA9D9-0B7F-4650-A861-2D2007016932}.Debug|Any CPU.ActiveCfg = Debug|Any CPU
		{B3ABA9D9-0B7F-4650-A861-2D2007016932}.Debug|Any CPU.Build.0 = Debug|Any CPU
		{B3ABA9D9-0B7F-4650-A861-2D2007016932}.Debug|ARM.ActiveCfg = Debug|Any CPU
		{B3ABA9D9-0B7F-4650-A861-2D2007016932}.Debug|ARM.Build.0 = Debug|Any CPU
		{B3ABA9D9-0B7F-4650-A861-2D2007016932}.Debug|x64.ActiveCfg = Debug|Any CPU
		{B3ABA9D9-0B7F-4650-A861-2D2007016932}.Debug|x64.Build.0 = Debug|Any CPU
		{B3ABA9D9-0B7F-4650-A861-2D2007016932}.Debug|x86.ActiveCfg = Debug|Any CPU
		{B3ABA9D9-0B7F-4650-A861-2D2007016932}.Debug|x86.Build.0 = Debug|Any CPU
		{B3ABA9D9-0B7F-4650-A861-2D2007016932}.Release|Any CPU.ActiveCfg = Release|Any CPU
		{B3ABA9D9-0B7F-4650-A861-2D2007016932}.Release|Any CPU.Build.0 = Release|Any CPU
		{B3ABA9D9-0B7F-4650-A861-2D2007016932}.Release|ARM.ActiveCfg = Release|Any CPU
		{B3ABA9D9-0B7F-4650-A861-2D2007016932}.Release|ARM.Build.0 = Release|Any CPU
		{B3ABA9D9-0B7F-4650-A861-2D2007016932}.Release|x64.ActiveCfg = Release|Any CPU
		{B3ABA9D9-0B7F-4650-A861-2D2007016932}.Release|x64.Build.0 = Release|Any CPU
		{B3ABA9D9-0B7F-4650-A861-2D2007016932}.Release|x86.ActiveCfg = Release|Any CPU
		{B3ABA9D9-0B7F-4650-A861-2D2007016932}.Release|x86.Build.0 = Release|Any CPU
		{065DCA43-1BEA-40CB-8EC4-55F3426682DD}.Debug|Any CPU.ActiveCfg = Debug|Any CPU
		{065DCA43-1BEA-40CB-8EC4-55F3426682DD}.Debug|Any CPU.Build.0 = Debug|Any CPU
		{065DCA43-1BEA-40CB-8EC4-55F3426682DD}.Debug|ARM.ActiveCfg = Debug|Any CPU
		{065DCA43-1BEA-40CB-8EC4-55F3426682DD}.Debug|ARM.Build.0 = Debug|Any CPU
		{065DCA43-1BEA-40CB-8EC4-55F3426682DD}.Debug|x64.ActiveCfg = Debug|Any CPU
		{065DCA43-1BEA-40CB-8EC4-55F3426682DD}.Debug|x64.Build.0 = Debug|Any CPU
		{065DCA43-1BEA-40CB-8EC4-55F3426682DD}.Debug|x86.ActiveCfg = Debug|Any CPU
		{065DCA43-1BEA-40CB-8EC4-55F3426682DD}.Debug|x86.Build.0 = Debug|Any CPU
		{065DCA43-1BEA-40CB-8EC4-55F3426682DD}.Release|Any CPU.ActiveCfg = Release|Any CPU
		{065DCA43-1BEA-40CB-8EC4-55F3426682DD}.Release|Any CPU.Build.0 = Release|Any CPU
		{065DCA43-1BEA-40CB-8EC4-55F3426682DD}.Release|ARM.ActiveCfg = Release|Any CPU
		{065DCA43-1BEA-40CB-8EC4-55F3426682DD}.Release|ARM.Build.0 = Release|Any CPU
		{065DCA43-1BEA-40CB-8EC4-55F3426682DD}.Release|x64.ActiveCfg = Release|Any CPU
		{065DCA43-1BEA-40CB-8EC4-55F3426682DD}.Release|x64.Build.0 = Release|Any CPU
		{065DCA43-1BEA-40CB-8EC4-55F3426682DD}.Release|x86.ActiveCfg = Release|Any CPU
		{065DCA43-1BEA-40CB-8EC4-55F3426682DD}.Release|x86.Build.0 = Release|Any CPU
		{D0AA02CB-A9D4-47B0-9E06-F96760D03D96}.Debug|Any CPU.ActiveCfg = Debug|Any CPU
		{D0AA02CB-A9D4-47B0-9E06-F96760D03D96}.Debug|Any CPU.Build.0 = Debug|Any CPU
		{D0AA02CB-A9D4-47B0-9E06-F96760D03D96}.Debug|ARM.ActiveCfg = Debug|Any CPU
		{D0AA02CB-A9D4-47B0-9E06-F96760D03D96}.Debug|ARM.Build.0 = Debug|Any CPU
		{D0AA02CB-A9D4-47B0-9E06-F96760D03D96}.Debug|x64.ActiveCfg = Debug|Any CPU
		{D0AA02CB-A9D4-47B0-9E06-F96760D03D96}.Debug|x64.Build.0 = Debug|Any CPU
		{D0AA02CB-A9D4-47B0-9E06-F96760D03D96}.Debug|x86.ActiveCfg = Debug|Any CPU
		{D0AA02CB-A9D4-47B0-9E06-F96760D03D96}.Debug|x86.Build.0 = Debug|Any CPU
		{D0AA02CB-A9D4-47B0-9E06-F96760D03D96}.Release|Any CPU.ActiveCfg = Release|Any CPU
		{D0AA02CB-A9D4-47B0-9E06-F96760D03D96}.Release|Any CPU.Build.0 = Release|Any CPU
		{D0AA02CB-A9D4-47B0-9E06-F96760D03D96}.Release|ARM.ActiveCfg = Release|Any CPU
		{D0AA02CB-A9D4-47B0-9E06-F96760D03D96}.Release|ARM.Build.0 = Release|Any CPU
		{D0AA02CB-A9D4-47B0-9E06-F96760D03D96}.Release|x64.ActiveCfg = Release|Any CPU
		{D0AA02CB-A9D4-47B0-9E06-F96760D03D96}.Release|x64.Build.0 = Release|Any CPU
		{D0AA02CB-A9D4-47B0-9E06-F96760D03D96}.Release|x86.ActiveCfg = Release|Any CPU
		{D0AA02CB-A9D4-47B0-9E06-F96760D03D96}.Release|x86.Build.0 = Release|Any CPU
		{8F63B583-B178-492B-A29D-CC395EE4537C}.Debug|Any CPU.ActiveCfg = Debug|Any CPU
		{8F63B583-B178-492B-A29D-CC395EE4537C}.Debug|Any CPU.Build.0 = Debug|Any CPU
		{8F63B583-B178-492B-A29D-CC395EE4537C}.Debug|ARM.ActiveCfg = Debug|Any CPU
		{8F63B583-B178-492B-A29D-CC395EE4537C}.Debug|ARM.Build.0 = Debug|Any CPU
		{8F63B583-B178-492B-A29D-CC395EE4537C}.Debug|x64.ActiveCfg = Debug|Any CPU
		{8F63B583-B178-492B-A29D-CC395EE4537C}.Debug|x64.Build.0 = Debug|Any CPU
		{8F63B583-B178-492B-A29D-CC395EE4537C}.Debug|x86.ActiveCfg = Debug|Any CPU
		{8F63B583-B178-492B-A29D-CC395EE4537C}.Debug|x86.Build.0 = Debug|Any CPU
		{8F63B583-B178-492B-A29D-CC395EE4537C}.Release|Any CPU.ActiveCfg = Release|Any CPU
		{8F63B583-B178-492B-A29D-CC395EE4537C}.Release|Any CPU.Build.0 = Release|Any CPU
		{8F63B583-B178-492B-A29D-CC395EE4537C}.Release|ARM.ActiveCfg = Release|Any CPU
		{8F63B583-B178-492B-A29D-CC395EE4537C}.Release|ARM.Build.0 = Release|Any CPU
		{8F63B583-B178-492B-A29D-CC395EE4537C}.Release|x64.ActiveCfg = Release|Any CPU
		{8F63B583-B178-492B-A29D-CC395EE4537C}.Release|x64.Build.0 = Release|Any CPU
		{8F63B583-B178-492B-A29D-CC395EE4537C}.Release|x86.ActiveCfg = Release|Any CPU
		{8F63B583-B178-492B-A29D-CC395EE4537C}.Release|x86.Build.0 = Release|Any CPU
		{2311E055-5759-475D-A473-0D9434B13745}.Debug|Any CPU.ActiveCfg = Debug|Any CPU
		{2311E055-5759-475D-A473-0D9434B13745}.Debug|Any CPU.Build.0 = Debug|Any CPU
		{2311E055-5759-475D-A473-0D9434B13745}.Debug|ARM.ActiveCfg = Debug|Any CPU
		{2311E055-5759-475D-A473-0D9434B13745}.Debug|ARM.Build.0 = Debug|Any CPU
		{2311E055-5759-475D-A473-0D9434B13745}.Debug|x64.ActiveCfg = Debug|Any CPU
		{2311E055-5759-475D-A473-0D9434B13745}.Debug|x64.Build.0 = Debug|Any CPU
		{2311E055-5759-475D-A473-0D9434B13745}.Debug|x86.ActiveCfg = Debug|Any CPU
		{2311E055-5759-475D-A473-0D9434B13745}.Debug|x86.Build.0 = Debug|Any CPU
		{2311E055-5759-475D-A473-0D9434B13745}.Release|Any CPU.ActiveCfg = Release|Any CPU
		{2311E055-5759-475D-A473-0D9434B13745}.Release|Any CPU.Build.0 = Release|Any CPU
		{2311E055-5759-475D-A473-0D9434B13745}.Release|ARM.ActiveCfg = Release|Any CPU
		{2311E055-5759-475D-A473-0D9434B13745}.Release|ARM.Build.0 = Release|Any CPU
		{2311E055-5759-475D-A473-0D9434B13745}.Release|x64.ActiveCfg = Release|Any CPU
		{2311E055-5759-475D-A473-0D9434B13745}.Release|x64.Build.0 = Release|Any CPU
		{2311E055-5759-475D-A473-0D9434B13745}.Release|x86.ActiveCfg = Release|Any CPU
		{2311E055-5759-475D-A473-0D9434B13745}.Release|x86.Build.0 = Release|Any CPU
		{717736B2-0985-420F-B2CC-6CB4B3ED94C0}.Debug|Any CPU.ActiveCfg = Debug|Any CPU
		{717736B2-0985-420F-B2CC-6CB4B3ED94C0}.Debug|Any CPU.Build.0 = Debug|Any CPU
		{717736B2-0985-420F-B2CC-6CB4B3ED94C0}.Debug|ARM.ActiveCfg = Debug|Any CPU
		{717736B2-0985-420F-B2CC-6CB4B3ED94C0}.Debug|ARM.Build.0 = Debug|Any CPU
		{717736B2-0985-420F-B2CC-6CB4B3ED94C0}.Debug|x64.ActiveCfg = Debug|Any CPU
		{717736B2-0985-420F-B2CC-6CB4B3ED94C0}.Debug|x64.Build.0 = Debug|Any CPU
		{717736B2-0985-420F-B2CC-6CB4B3ED94C0}.Debug|x86.ActiveCfg = Debug|Any CPU
		{717736B2-0985-420F-B2CC-6CB4B3ED94C0}.Debug|x86.Build.0 = Debug|Any CPU
		{717736B2-0985-420F-B2CC-6CB4B3ED94C0}.Release|Any CPU.ActiveCfg = Release|Any CPU
		{717736B2-0985-420F-B2CC-6CB4B3ED94C0}.Release|Any CPU.Build.0 = Release|Any CPU
		{717736B2-0985-420F-B2CC-6CB4B3ED94C0}.Release|ARM.ActiveCfg = Release|Any CPU
		{717736B2-0985-420F-B2CC-6CB4B3ED94C0}.Release|ARM.Build.0 = Release|Any CPU
		{717736B2-0985-420F-B2CC-6CB4B3ED94C0}.Release|x64.ActiveCfg = Release|Any CPU
		{717736B2-0985-420F-B2CC-6CB4B3ED94C0}.Release|x64.Build.0 = Release|Any CPU
		{717736B2-0985-420F-B2CC-6CB4B3ED94C0}.Release|x86.ActiveCfg = Release|Any CPU
		{717736B2-0985-420F-B2CC-6CB4B3ED94C0}.Release|x86.Build.0 = Release|Any CPU
		{C0D424AB-7992-4E6A-97FC-199B11C08776}.Debug|Any CPU.ActiveCfg = Debug|Any CPU
		{C0D424AB-7992-4E6A-97FC-199B11C08776}.Debug|Any CPU.Build.0 = Debug|Any CPU
		{C0D424AB-7992-4E6A-97FC-199B11C08776}.Debug|ARM.ActiveCfg = Debug|Any CPU
		{C0D424AB-7992-4E6A-97FC-199B11C08776}.Debug|ARM.Build.0 = Debug|Any CPU
		{C0D424AB-7992-4E6A-97FC-199B11C08776}.Debug|x64.ActiveCfg = Debug|Any CPU
		{C0D424AB-7992-4E6A-97FC-199B11C08776}.Debug|x64.Build.0 = Debug|Any CPU
		{C0D424AB-7992-4E6A-97FC-199B11C08776}.Debug|x86.ActiveCfg = Debug|Any CPU
		{C0D424AB-7992-4E6A-97FC-199B11C08776}.Debug|x86.Build.0 = Debug|Any CPU
		{C0D424AB-7992-4E6A-97FC-199B11C08776}.Release|Any CPU.ActiveCfg = Release|Any CPU
		{C0D424AB-7992-4E6A-97FC-199B11C08776}.Release|Any CPU.Build.0 = Release|Any CPU
		{C0D424AB-7992-4E6A-97FC-199B11C08776}.Release|ARM.ActiveCfg = Release|Any CPU
		{C0D424AB-7992-4E6A-97FC-199B11C08776}.Release|ARM.Build.0 = Release|Any CPU
		{C0D424AB-7992-4E6A-97FC-199B11C08776}.Release|x64.ActiveCfg = Release|Any CPU
		{C0D424AB-7992-4E6A-97FC-199B11C08776}.Release|x64.Build.0 = Release|Any CPU
		{C0D424AB-7992-4E6A-97FC-199B11C08776}.Release|x86.ActiveCfg = Release|Any CPU
		{C0D424AB-7992-4E6A-97FC-199B11C08776}.Release|x86.Build.0 = Release|Any CPU
		{FB411058-ED61-4AD3-A684-7C64879898A9}.Debug|Any CPU.ActiveCfg = Debug|Any CPU
		{FB411058-ED61-4AD3-A684-7C64879898A9}.Debug|Any CPU.Build.0 = Debug|Any CPU
		{FB411058-ED61-4AD3-A684-7C64879898A9}.Debug|ARM.ActiveCfg = Debug|Any CPU
		{FB411058-ED61-4AD3-A684-7C64879898A9}.Debug|ARM.Build.0 = Debug|Any CPU
		{FB411058-ED61-4AD3-A684-7C64879898A9}.Debug|x64.ActiveCfg = Debug|Any CPU
		{FB411058-ED61-4AD3-A684-7C64879898A9}.Debug|x64.Build.0 = Debug|Any CPU
		{FB411058-ED61-4AD3-A684-7C64879898A9}.Debug|x86.ActiveCfg = Debug|Any CPU
		{FB411058-ED61-4AD3-A684-7C64879898A9}.Debug|x86.Build.0 = Debug|Any CPU
		{FB411058-ED61-4AD3-A684-7C64879898A9}.Release|Any CPU.ActiveCfg = Release|Any CPU
		{FB411058-ED61-4AD3-A684-7C64879898A9}.Release|Any CPU.Build.0 = Release|Any CPU
		{FB411058-ED61-4AD3-A684-7C64879898A9}.Release|ARM.ActiveCfg = Release|Any CPU
		{FB411058-ED61-4AD3-A684-7C64879898A9}.Release|ARM.Build.0 = Release|Any CPU
		{FB411058-ED61-4AD3-A684-7C64879898A9}.Release|x64.ActiveCfg = Release|Any CPU
		{FB411058-ED61-4AD3-A684-7C64879898A9}.Release|x64.Build.0 = Release|Any CPU
		{FB411058-ED61-4AD3-A684-7C64879898A9}.Release|x86.ActiveCfg = Release|Any CPU
		{FB411058-ED61-4AD3-A684-7C64879898A9}.Release|x86.Build.0 = Release|Any CPU
		{AB3E3B37-C7B5-4DDC-B23E-FAB3CE9369A8}.Debug|Any CPU.ActiveCfg = Debug|Any CPU
		{AB3E3B37-C7B5-4DDC-B23E-FAB3CE9369A8}.Debug|Any CPU.Build.0 = Debug|Any CPU
		{AB3E3B37-C7B5-4DDC-B23E-FAB3CE9369A8}.Debug|ARM.ActiveCfg = Debug|Any CPU
		{AB3E3B37-C7B5-4DDC-B23E-FAB3CE9369A8}.Debug|ARM.Build.0 = Debug|Any CPU
		{AB3E3B37-C7B5-4DDC-B23E-FAB3CE9369A8}.Debug|x64.ActiveCfg = Debug|Any CPU
		{AB3E3B37-C7B5-4DDC-B23E-FAB3CE9369A8}.Debug|x64.Build.0 = Debug|Any CPU
		{AB3E3B37-C7B5-4DDC-B23E-FAB3CE9369A8}.Debug|x86.ActiveCfg = Debug|Any CPU
		{AB3E3B37-C7B5-4DDC-B23E-FAB3CE9369A8}.Debug|x86.Build.0 = Debug|Any CPU
		{AB3E3B37-C7B5-4DDC-B23E-FAB3CE9369A8}.Release|Any CPU.ActiveCfg = Release|Any CPU
		{AB3E3B37-C7B5-4DDC-B23E-FAB3CE9369A8}.Release|Any CPU.Build.0 = Release|Any CPU
		{AB3E3B37-C7B5-4DDC-B23E-FAB3CE9369A8}.Release|ARM.ActiveCfg = Release|Any CPU
		{AB3E3B37-C7B5-4DDC-B23E-FAB3CE9369A8}.Release|ARM.Build.0 = Release|Any CPU
		{AB3E3B37-C7B5-4DDC-B23E-FAB3CE9369A8}.Release|x64.ActiveCfg = Release|Any CPU
		{AB3E3B37-C7B5-4DDC-B23E-FAB3CE9369A8}.Release|x64.Build.0 = Release|Any CPU
		{AB3E3B37-C7B5-4DDC-B23E-FAB3CE9369A8}.Release|x86.ActiveCfg = Release|Any CPU
		{AB3E3B37-C7B5-4DDC-B23E-FAB3CE9369A8}.Release|x86.Build.0 = Release|Any CPU
		{B98E3470-1575-469A-A76C-72DB3BEFC13B}.Debug|Any CPU.ActiveCfg = Debug|Any CPU
		{B98E3470-1575-469A-A76C-72DB3BEFC13B}.Debug|Any CPU.Build.0 = Debug|Any CPU
		{B98E3470-1575-469A-A76C-72DB3BEFC13B}.Debug|ARM.ActiveCfg = Debug|Any CPU
		{B98E3470-1575-469A-A76C-72DB3BEFC13B}.Debug|ARM.Build.0 = Debug|Any CPU
		{B98E3470-1575-469A-A76C-72DB3BEFC13B}.Debug|x64.ActiveCfg = Debug|Any CPU
		{B98E3470-1575-469A-A76C-72DB3BEFC13B}.Debug|x64.Build.0 = Debug|Any CPU
		{B98E3470-1575-469A-A76C-72DB3BEFC13B}.Debug|x86.ActiveCfg = Debug|Any CPU
		{B98E3470-1575-469A-A76C-72DB3BEFC13B}.Debug|x86.Build.0 = Debug|Any CPU
		{B98E3470-1575-469A-A76C-72DB3BEFC13B}.Release|Any CPU.ActiveCfg = Release|Any CPU
		{B98E3470-1575-469A-A76C-72DB3BEFC13B}.Release|Any CPU.Build.0 = Release|Any CPU
		{B98E3470-1575-469A-A76C-72DB3BEFC13B}.Release|ARM.ActiveCfg = Release|Any CPU
		{B98E3470-1575-469A-A76C-72DB3BEFC13B}.Release|ARM.Build.0 = Release|Any CPU
		{B98E3470-1575-469A-A76C-72DB3BEFC13B}.Release|x64.ActiveCfg = Release|Any CPU
		{B98E3470-1575-469A-A76C-72DB3BEFC13B}.Release|x64.Build.0 = Release|Any CPU
		{B98E3470-1575-469A-A76C-72DB3BEFC13B}.Release|x86.ActiveCfg = Release|Any CPU
		{B98E3470-1575-469A-A76C-72DB3BEFC13B}.Release|x86.Build.0 = Release|Any CPU
		{877BCB0E-B0EA-49DE-A266-02C688E88F6E}.Debug|Any CPU.ActiveCfg = Debug|Any CPU
		{877BCB0E-B0EA-49DE-A266-02C688E88F6E}.Debug|Any CPU.Build.0 = Debug|Any CPU
		{877BCB0E-B0EA-49DE-A266-02C688E88F6E}.Debug|ARM.ActiveCfg = Debug|Any CPU
		{877BCB0E-B0EA-49DE-A266-02C688E88F6E}.Debug|ARM.Build.0 = Debug|Any CPU
		{877BCB0E-B0EA-49DE-A266-02C688E88F6E}.Debug|x64.ActiveCfg = Debug|Any CPU
		{877BCB0E-B0EA-49DE-A266-02C688E88F6E}.Debug|x64.Build.0 = Debug|Any CPU
		{877BCB0E-B0EA-49DE-A266-02C688E88F6E}.Debug|x86.ActiveCfg = Debug|Any CPU
		{877BCB0E-B0EA-49DE-A266-02C688E88F6E}.Debug|x86.Build.0 = Debug|Any CPU
		{877BCB0E-B0EA-49DE-A266-02C688E88F6E}.Release|Any CPU.ActiveCfg = Release|Any CPU
		{877BCB0E-B0EA-49DE-A266-02C688E88F6E}.Release|Any CPU.Build.0 = Release|Any CPU
		{877BCB0E-B0EA-49DE-A266-02C688E88F6E}.Release|ARM.ActiveCfg = Release|Any CPU
		{877BCB0E-B0EA-49DE-A266-02C688E88F6E}.Release|ARM.Build.0 = Release|Any CPU
		{877BCB0E-B0EA-49DE-A266-02C688E88F6E}.Release|x64.ActiveCfg = Release|Any CPU
		{877BCB0E-B0EA-49DE-A266-02C688E88F6E}.Release|x64.Build.0 = Release|Any CPU
		{877BCB0E-B0EA-49DE-A266-02C688E88F6E}.Release|x86.ActiveCfg = Release|Any CPU
		{877BCB0E-B0EA-49DE-A266-02C688E88F6E}.Release|x86.Build.0 = Release|Any CPU
		{11FB0A97-DBC4-4D14-A1E9-C6EF0ED66DDE}.Debug|Any CPU.ActiveCfg = Debug|Any CPU
		{11FB0A97-DBC4-4D14-A1E9-C6EF0ED66DDE}.Debug|Any CPU.Build.0 = Debug|Any CPU
		{11FB0A97-DBC4-4D14-A1E9-C6EF0ED66DDE}.Debug|ARM.ActiveCfg = Debug|Any CPU
		{11FB0A97-DBC4-4D14-A1E9-C6EF0ED66DDE}.Debug|ARM.Build.0 = Debug|Any CPU
		{11FB0A97-DBC4-4D14-A1E9-C6EF0ED66DDE}.Debug|x64.ActiveCfg = Debug|Any CPU
		{11FB0A97-DBC4-4D14-A1E9-C6EF0ED66DDE}.Debug|x64.Build.0 = Debug|Any CPU
		{11FB0A97-DBC4-4D14-A1E9-C6EF0ED66DDE}.Debug|x86.ActiveCfg = Debug|Any CPU
		{11FB0A97-DBC4-4D14-A1E9-C6EF0ED66DDE}.Debug|x86.Build.0 = Debug|Any CPU
		{11FB0A97-DBC4-4D14-A1E9-C6EF0ED66DDE}.Release|Any CPU.ActiveCfg = Release|Any CPU
		{11FB0A97-DBC4-4D14-A1E9-C6EF0ED66DDE}.Release|Any CPU.Build.0 = Release|Any CPU
		{11FB0A97-DBC4-4D14-A1E9-C6EF0ED66DDE}.Release|ARM.ActiveCfg = Release|Any CPU
		{11FB0A97-DBC4-4D14-A1E9-C6EF0ED66DDE}.Release|ARM.Build.0 = Release|Any CPU
		{11FB0A97-DBC4-4D14-A1E9-C6EF0ED66DDE}.Release|x64.ActiveCfg = Release|Any CPU
		{11FB0A97-DBC4-4D14-A1E9-C6EF0ED66DDE}.Release|x64.Build.0 = Release|Any CPU
		{11FB0A97-DBC4-4D14-A1E9-C6EF0ED66DDE}.Release|x86.ActiveCfg = Release|Any CPU
		{11FB0A97-DBC4-4D14-A1E9-C6EF0ED66DDE}.Release|x86.Build.0 = Release|Any CPU
		{245D7222-45B5-4DE2-BAE5-17F4F031B2A2}.Debug|Any CPU.ActiveCfg = Debug|Any CPU
		{245D7222-45B5-4DE2-BAE5-17F4F031B2A2}.Debug|Any CPU.Build.0 = Debug|Any CPU
		{245D7222-45B5-4DE2-BAE5-17F4F031B2A2}.Debug|ARM.ActiveCfg = Debug|Any CPU
		{245D7222-45B5-4DE2-BAE5-17F4F031B2A2}.Debug|ARM.Build.0 = Debug|Any CPU
		{245D7222-45B5-4DE2-BAE5-17F4F031B2A2}.Debug|x64.ActiveCfg = Debug|Any CPU
		{245D7222-45B5-4DE2-BAE5-17F4F031B2A2}.Debug|x64.Build.0 = Debug|Any CPU
		{245D7222-45B5-4DE2-BAE5-17F4F031B2A2}.Debug|x86.ActiveCfg = Debug|x86
		{245D7222-45B5-4DE2-BAE5-17F4F031B2A2}.Debug|x86.Build.0 = Debug|x86
		{245D7222-45B5-4DE2-BAE5-17F4F031B2A2}.Release|Any CPU.ActiveCfg = Release|Any CPU
		{245D7222-45B5-4DE2-BAE5-17F4F031B2A2}.Release|Any CPU.Build.0 = Release|Any CPU
		{245D7222-45B5-4DE2-BAE5-17F4F031B2A2}.Release|ARM.ActiveCfg = Release|Any CPU
		{245D7222-45B5-4DE2-BAE5-17F4F031B2A2}.Release|ARM.Build.0 = Release|Any CPU
		{245D7222-45B5-4DE2-BAE5-17F4F031B2A2}.Release|x64.ActiveCfg = Release|Any CPU
		{245D7222-45B5-4DE2-BAE5-17F4F031B2A2}.Release|x64.Build.0 = Release|Any CPU
		{245D7222-45B5-4DE2-BAE5-17F4F031B2A2}.Release|x86.ActiveCfg = Release|x86
		{245D7222-45B5-4DE2-BAE5-17F4F031B2A2}.Release|x86.Build.0 = Release|x86
		{9450F18B-E27B-4586-BA0E-E2D39D06DEDC}.Debug|Any CPU.ActiveCfg = Debug|Any CPU
		{9450F18B-E27B-4586-BA0E-E2D39D06DEDC}.Debug|Any CPU.Build.0 = Debug|Any CPU
		{9450F18B-E27B-4586-BA0E-E2D39D06DEDC}.Debug|ARM.ActiveCfg = Debug|Any CPU
		{9450F18B-E27B-4586-BA0E-E2D39D06DEDC}.Debug|ARM.Build.0 = Debug|Any CPU
		{9450F18B-E27B-4586-BA0E-E2D39D06DEDC}.Debug|x64.ActiveCfg = Debug|Any CPU
		{9450F18B-E27B-4586-BA0E-E2D39D06DEDC}.Debug|x64.Build.0 = Debug|Any CPU
		{9450F18B-E27B-4586-BA0E-E2D39D06DEDC}.Debug|x86.ActiveCfg = Debug|Any CPU
		{9450F18B-E27B-4586-BA0E-E2D39D06DEDC}.Debug|x86.Build.0 = Debug|Any CPU
		{9450F18B-E27B-4586-BA0E-E2D39D06DEDC}.Release|Any CPU.ActiveCfg = Release|Any CPU
		{9450F18B-E27B-4586-BA0E-E2D39D06DEDC}.Release|Any CPU.Build.0 = Release|Any CPU
		{9450F18B-E27B-4586-BA0E-E2D39D06DEDC}.Release|ARM.ActiveCfg = Release|Any CPU
		{9450F18B-E27B-4586-BA0E-E2D39D06DEDC}.Release|ARM.Build.0 = Release|Any CPU
		{9450F18B-E27B-4586-BA0E-E2D39D06DEDC}.Release|x64.ActiveCfg = Release|Any CPU
		{9450F18B-E27B-4586-BA0E-E2D39D06DEDC}.Release|x64.Build.0 = Release|Any CPU
		{9450F18B-E27B-4586-BA0E-E2D39D06DEDC}.Release|x86.ActiveCfg = Release|Any CPU
		{9450F18B-E27B-4586-BA0E-E2D39D06DEDC}.Release|x86.Build.0 = Release|Any CPU
		{18337ADA-68DD-4A2B-9653-21A5219D5DDA}.Debug|Any CPU.ActiveCfg = Debug|Any CPU
		{18337ADA-68DD-4A2B-9653-21A5219D5DDA}.Debug|Any CPU.Build.0 = Debug|Any CPU
		{18337ADA-68DD-4A2B-9653-21A5219D5DDA}.Debug|ARM.ActiveCfg = Debug|Any CPU
		{18337ADA-68DD-4A2B-9653-21A5219D5DDA}.Debug|ARM.Build.0 = Debug|Any CPU
		{18337ADA-68DD-4A2B-9653-21A5219D5DDA}.Debug|x64.ActiveCfg = Debug|Any CPU
		{18337ADA-68DD-4A2B-9653-21A5219D5DDA}.Debug|x64.Build.0 = Debug|Any CPU
		{18337ADA-68DD-4A2B-9653-21A5219D5DDA}.Debug|x86.ActiveCfg = Debug|Any CPU
		{18337ADA-68DD-4A2B-9653-21A5219D5DDA}.Debug|x86.Build.0 = Debug|Any CPU
		{18337ADA-68DD-4A2B-9653-21A5219D5DDA}.Release|Any CPU.ActiveCfg = Release|Any CPU
		{18337ADA-68DD-4A2B-9653-21A5219D5DDA}.Release|Any CPU.Build.0 = Release|Any CPU
		{18337ADA-68DD-4A2B-9653-21A5219D5DDA}.Release|ARM.ActiveCfg = Release|Any CPU
		{18337ADA-68DD-4A2B-9653-21A5219D5DDA}.Release|ARM.Build.0 = Release|Any CPU
		{18337ADA-68DD-4A2B-9653-21A5219D5DDA}.Release|x64.ActiveCfg = Release|Any CPU
		{18337ADA-68DD-4A2B-9653-21A5219D5DDA}.Release|x64.Build.0 = Release|Any CPU
		{18337ADA-68DD-4A2B-9653-21A5219D5DDA}.Release|x86.ActiveCfg = Release|Any CPU
		{18337ADA-68DD-4A2B-9653-21A5219D5DDA}.Release|x86.Build.0 = Release|Any CPU
		{854D7642-C9AD-4F40-8C03-E564B0F1F865}.Debug|Any CPU.ActiveCfg = Debug|Any CPU
		{854D7642-C9AD-4F40-8C03-E564B0F1F865}.Debug|Any CPU.Build.0 = Debug|Any CPU
		{854D7642-C9AD-4F40-8C03-E564B0F1F865}.Debug|ARM.ActiveCfg = Debug|Any CPU
		{854D7642-C9AD-4F40-8C03-E564B0F1F865}.Debug|ARM.Build.0 = Debug|Any CPU
		{854D7642-C9AD-4F40-8C03-E564B0F1F865}.Debug|x64.ActiveCfg = Debug|Any CPU
		{854D7642-C9AD-4F40-8C03-E564B0F1F865}.Debug|x64.Build.0 = Debug|Any CPU
		{854D7642-C9AD-4F40-8C03-E564B0F1F865}.Debug|x86.ActiveCfg = Debug|Any CPU
		{854D7642-C9AD-4F40-8C03-E564B0F1F865}.Debug|x86.Build.0 = Debug|Any CPU
		{854D7642-C9AD-4F40-8C03-E564B0F1F865}.Release|Any CPU.ActiveCfg = Release|Any CPU
		{854D7642-C9AD-4F40-8C03-E564B0F1F865}.Release|Any CPU.Build.0 = Release|Any CPU
		{854D7642-C9AD-4F40-8C03-E564B0F1F865}.Release|ARM.ActiveCfg = Release|Any CPU
		{854D7642-C9AD-4F40-8C03-E564B0F1F865}.Release|ARM.Build.0 = Release|Any CPU
		{854D7642-C9AD-4F40-8C03-E564B0F1F865}.Release|x64.ActiveCfg = Release|Any CPU
		{854D7642-C9AD-4F40-8C03-E564B0F1F865}.Release|x64.Build.0 = Release|Any CPU
		{854D7642-C9AD-4F40-8C03-E564B0F1F865}.Release|x86.ActiveCfg = Release|Any CPU
		{854D7642-C9AD-4F40-8C03-E564B0F1F865}.Release|x86.Build.0 = Release|Any CPU
		{407FBF96-3DFF-420C-95C3-F5D0E3EB1A78}.Debug|Any CPU.ActiveCfg = Debug|Any CPU
		{407FBF96-3DFF-420C-95C3-F5D0E3EB1A78}.Debug|Any CPU.Build.0 = Debug|Any CPU
		{407FBF96-3DFF-420C-95C3-F5D0E3EB1A78}.Debug|ARM.ActiveCfg = Debug|Any CPU
		{407FBF96-3DFF-420C-95C3-F5D0E3EB1A78}.Debug|ARM.Build.0 = Debug|Any CPU
		{407FBF96-3DFF-420C-95C3-F5D0E3EB1A78}.Debug|x64.ActiveCfg = Debug|Any CPU
		{407FBF96-3DFF-420C-95C3-F5D0E3EB1A78}.Debug|x64.Build.0 = Debug|Any CPU
		{407FBF96-3DFF-420C-95C3-F5D0E3EB1A78}.Debug|x86.ActiveCfg = Debug|Any CPU
		{407FBF96-3DFF-420C-95C3-F5D0E3EB1A78}.Debug|x86.Build.0 = Debug|Any CPU
		{407FBF96-3DFF-420C-95C3-F5D0E3EB1A78}.Release|Any CPU.ActiveCfg = Release|Any CPU
		{407FBF96-3DFF-420C-95C3-F5D0E3EB1A78}.Release|Any CPU.Build.0 = Release|Any CPU
		{407FBF96-3DFF-420C-95C3-F5D0E3EB1A78}.Release|ARM.ActiveCfg = Release|Any CPU
		{407FBF96-3DFF-420C-95C3-F5D0E3EB1A78}.Release|ARM.Build.0 = Release|Any CPU
		{407FBF96-3DFF-420C-95C3-F5D0E3EB1A78}.Release|x64.ActiveCfg = Release|Any CPU
		{407FBF96-3DFF-420C-95C3-F5D0E3EB1A78}.Release|x64.Build.0 = Release|Any CPU
		{407FBF96-3DFF-420C-95C3-F5D0E3EB1A78}.Release|x86.ActiveCfg = Release|Any CPU
		{407FBF96-3DFF-420C-95C3-F5D0E3EB1A78}.Release|x86.Build.0 = Release|Any CPU
		{727D546E-DA1F-4652-8D4E-42FA07C402B8}.Debug|Any CPU.ActiveCfg = Debug|Any CPU
		{727D546E-DA1F-4652-8D4E-42FA07C402B8}.Debug|Any CPU.Build.0 = Debug|Any CPU
		{727D546E-DA1F-4652-8D4E-42FA07C402B8}.Debug|ARM.ActiveCfg = Debug|Any CPU
		{727D546E-DA1F-4652-8D4E-42FA07C402B8}.Debug|ARM.Build.0 = Debug|Any CPU
		{727D546E-DA1F-4652-8D4E-42FA07C402B8}.Debug|x64.ActiveCfg = Debug|Any CPU
		{727D546E-DA1F-4652-8D4E-42FA07C402B8}.Debug|x64.Build.0 = Debug|Any CPU
		{727D546E-DA1F-4652-8D4E-42FA07C402B8}.Debug|x86.ActiveCfg = Debug|Any CPU
		{727D546E-DA1F-4652-8D4E-42FA07C402B8}.Debug|x86.Build.0 = Debug|Any CPU
		{727D546E-DA1F-4652-8D4E-42FA07C402B8}.Release|Any CPU.ActiveCfg = Release|Any CPU
		{727D546E-DA1F-4652-8D4E-42FA07C402B8}.Release|Any CPU.Build.0 = Release|Any CPU
		{727D546E-DA1F-4652-8D4E-42FA07C402B8}.Release|ARM.ActiveCfg = Release|Any CPU
		{727D546E-DA1F-4652-8D4E-42FA07C402B8}.Release|ARM.Build.0 = Release|Any CPU
		{727D546E-DA1F-4652-8D4E-42FA07C402B8}.Release|x64.ActiveCfg = Release|Any CPU
		{727D546E-DA1F-4652-8D4E-42FA07C402B8}.Release|x64.Build.0 = Release|Any CPU
		{727D546E-DA1F-4652-8D4E-42FA07C402B8}.Release|x86.ActiveCfg = Release|Any CPU
		{727D546E-DA1F-4652-8D4E-42FA07C402B8}.Release|x86.Build.0 = Release|Any CPU
		{181E5FB6-219C-4AC9-A27D-EB1F8452B8D2}.Debug|Any CPU.ActiveCfg = Debug|Any CPU
		{181E5FB6-219C-4AC9-A27D-EB1F8452B8D2}.Debug|Any CPU.Build.0 = Debug|Any CPU
		{181E5FB6-219C-4AC9-A27D-EB1F8452B8D2}.Debug|ARM.ActiveCfg = Debug|Any CPU
		{181E5FB6-219C-4AC9-A27D-EB1F8452B8D2}.Debug|ARM.Build.0 = Debug|Any CPU
		{181E5FB6-219C-4AC9-A27D-EB1F8452B8D2}.Debug|x64.ActiveCfg = Debug|Any CPU
		{181E5FB6-219C-4AC9-A27D-EB1F8452B8D2}.Debug|x64.Build.0 = Debug|Any CPU
		{181E5FB6-219C-4AC9-A27D-EB1F8452B8D2}.Debug|x86.ActiveCfg = Debug|Any CPU
		{181E5FB6-219C-4AC9-A27D-EB1F8452B8D2}.Debug|x86.Build.0 = Debug|Any CPU
		{181E5FB6-219C-4AC9-A27D-EB1F8452B8D2}.Release|Any CPU.ActiveCfg = Release|Any CPU
		{181E5FB6-219C-4AC9-A27D-EB1F8452B8D2}.Release|Any CPU.Build.0 = Release|Any CPU
		{181E5FB6-219C-4AC9-A27D-EB1F8452B8D2}.Release|ARM.ActiveCfg = Release|Any CPU
		{181E5FB6-219C-4AC9-A27D-EB1F8452B8D2}.Release|ARM.Build.0 = Release|Any CPU
		{181E5FB6-219C-4AC9-A27D-EB1F8452B8D2}.Release|x64.ActiveCfg = Release|Any CPU
		{181E5FB6-219C-4AC9-A27D-EB1F8452B8D2}.Release|x64.Build.0 = Release|Any CPU
		{181E5FB6-219C-4AC9-A27D-EB1F8452B8D2}.Release|x86.ActiveCfg = Release|Any CPU
		{181E5FB6-219C-4AC9-A27D-EB1F8452B8D2}.Release|x86.Build.0 = Release|Any CPU
		{D56C21F1-2CB5-44CA-A03A-35B3E3943DE1}.Debug|Any CPU.ActiveCfg = Debug|Any CPU
		{D56C21F1-2CB5-44CA-A03A-35B3E3943DE1}.Debug|Any CPU.Build.0 = Debug|Any CPU
		{D56C21F1-2CB5-44CA-A03A-35B3E3943DE1}.Debug|ARM.ActiveCfg = Debug|Any CPU
		{D56C21F1-2CB5-44CA-A03A-35B3E3943DE1}.Debug|ARM.Build.0 = Debug|Any CPU
		{D56C21F1-2CB5-44CA-A03A-35B3E3943DE1}.Debug|x64.ActiveCfg = Debug|Any CPU
		{D56C21F1-2CB5-44CA-A03A-35B3E3943DE1}.Debug|x64.Build.0 = Debug|Any CPU
		{D56C21F1-2CB5-44CA-A03A-35B3E3943DE1}.Debug|x86.ActiveCfg = Debug|Any CPU
		{D56C21F1-2CB5-44CA-A03A-35B3E3943DE1}.Debug|x86.Build.0 = Debug|Any CPU
		{D56C21F1-2CB5-44CA-A03A-35B3E3943DE1}.Release|Any CPU.ActiveCfg = Release|Any CPU
		{D56C21F1-2CB5-44CA-A03A-35B3E3943DE1}.Release|Any CPU.Build.0 = Release|Any CPU
		{D56C21F1-2CB5-44CA-A03A-35B3E3943DE1}.Release|ARM.ActiveCfg = Release|Any CPU
		{D56C21F1-2CB5-44CA-A03A-35B3E3943DE1}.Release|ARM.Build.0 = Release|Any CPU
		{D56C21F1-2CB5-44CA-A03A-35B3E3943DE1}.Release|x64.ActiveCfg = Release|Any CPU
		{D56C21F1-2CB5-44CA-A03A-35B3E3943DE1}.Release|x64.Build.0 = Release|Any CPU
		{D56C21F1-2CB5-44CA-A03A-35B3E3943DE1}.Release|x86.ActiveCfg = Release|Any CPU
		{D56C21F1-2CB5-44CA-A03A-35B3E3943DE1}.Release|x86.Build.0 = Release|Any CPU
		{792FD9AC-9348-4E9B-9FC2-3F15E020E611}.Debug|Any CPU.ActiveCfg = Debug|Any CPU
		{792FD9AC-9348-4E9B-9FC2-3F15E020E611}.Debug|Any CPU.Build.0 = Debug|Any CPU
		{792FD9AC-9348-4E9B-9FC2-3F15E020E611}.Debug|ARM.ActiveCfg = Debug|Any CPU
		{792FD9AC-9348-4E9B-9FC2-3F15E020E611}.Debug|ARM.Build.0 = Debug|Any CPU
		{792FD9AC-9348-4E9B-9FC2-3F15E020E611}.Debug|x64.ActiveCfg = Debug|Any CPU
		{792FD9AC-9348-4E9B-9FC2-3F15E020E611}.Debug|x64.Build.0 = Debug|Any CPU
		{792FD9AC-9348-4E9B-9FC2-3F15E020E611}.Debug|x86.ActiveCfg = Debug|Any CPU
		{792FD9AC-9348-4E9B-9FC2-3F15E020E611}.Debug|x86.Build.0 = Debug|Any CPU
		{792FD9AC-9348-4E9B-9FC2-3F15E020E611}.Release|Any CPU.ActiveCfg = Release|Any CPU
		{792FD9AC-9348-4E9B-9FC2-3F15E020E611}.Release|Any CPU.Build.0 = Release|Any CPU
		{792FD9AC-9348-4E9B-9FC2-3F15E020E611}.Release|ARM.ActiveCfg = Release|Any CPU
		{792FD9AC-9348-4E9B-9FC2-3F15E020E611}.Release|ARM.Build.0 = Release|Any CPU
		{792FD9AC-9348-4E9B-9FC2-3F15E020E611}.Release|x64.ActiveCfg = Release|Any CPU
		{792FD9AC-9348-4E9B-9FC2-3F15E020E611}.Release|x64.Build.0 = Release|Any CPU
		{792FD9AC-9348-4E9B-9FC2-3F15E020E611}.Release|x86.ActiveCfg = Release|Any CPU
		{792FD9AC-9348-4E9B-9FC2-3F15E020E611}.Release|x86.Build.0 = Release|Any CPU
		{F1E7EFBF-0DCD-4CE0-8E07-BAAE2B053FB0}.Debug|Any CPU.ActiveCfg = Debug|Any CPU
		{F1E7EFBF-0DCD-4CE0-8E07-BAAE2B053FB0}.Debug|Any CPU.Build.0 = Debug|Any CPU
		{F1E7EFBF-0DCD-4CE0-8E07-BAAE2B053FB0}.Debug|ARM.ActiveCfg = Debug|Any CPU
		{F1E7EFBF-0DCD-4CE0-8E07-BAAE2B053FB0}.Debug|ARM.Build.0 = Debug|Any CPU
		{F1E7EFBF-0DCD-4CE0-8E07-BAAE2B053FB0}.Debug|x64.ActiveCfg = Debug|Any CPU
		{F1E7EFBF-0DCD-4CE0-8E07-BAAE2B053FB0}.Debug|x64.Build.0 = Debug|Any CPU
		{F1E7EFBF-0DCD-4CE0-8E07-BAAE2B053FB0}.Debug|x86.ActiveCfg = Debug|Any CPU
		{F1E7EFBF-0DCD-4CE0-8E07-BAAE2B053FB0}.Debug|x86.Build.0 = Debug|Any CPU
		{F1E7EFBF-0DCD-4CE0-8E07-BAAE2B053FB0}.Release|Any CPU.ActiveCfg = Release|Any CPU
		{F1E7EFBF-0DCD-4CE0-8E07-BAAE2B053FB0}.Release|Any CPU.Build.0 = Release|Any CPU
		{F1E7EFBF-0DCD-4CE0-8E07-BAAE2B053FB0}.Release|ARM.ActiveCfg = Release|Any CPU
		{F1E7EFBF-0DCD-4CE0-8E07-BAAE2B053FB0}.Release|ARM.Build.0 = Release|Any CPU
		{F1E7EFBF-0DCD-4CE0-8E07-BAAE2B053FB0}.Release|x64.ActiveCfg = Release|Any CPU
		{F1E7EFBF-0DCD-4CE0-8E07-BAAE2B053FB0}.Release|x64.Build.0 = Release|Any CPU
		{F1E7EFBF-0DCD-4CE0-8E07-BAAE2B053FB0}.Release|x86.ActiveCfg = Release|Any CPU
		{F1E7EFBF-0DCD-4CE0-8E07-BAAE2B053FB0}.Release|x86.Build.0 = Release|Any CPU
	EndGlobalSection
	GlobalSection(SolutionProperties) = preSolution
		HideSolutionNode = FALSE
	EndGlobalSection
	GlobalSection(NestedProjects) = preSolution
		{397D862C-3539-4D10-AB60-4376AF4F010A} = {E0D9BE50-D1FF-4399-8415-0510833A1449}
		{5C9C61FB-E97D-4B25-A478-70DD088F1219} = {29A247F1-5E3D-4B30-B100-1955E67A91FB}
		{53A7565D-3528-4B14-8B71-191774147FAA} = {1B9D4A97-DEB8-462F-AC3E-141B32B47952}
		{F8DF9E98-7110-41B6-A72F-B5D84872FC1C} = {1990D91A-70C6-429A-88C9-9ED9AA1C6BD1}
		{51415768-8F4C-4D90-9418-26B874FDC05B} = {1990D91A-70C6-429A-88C9-9ED9AA1C6BD1}
		{D4701AC6-4053-484F-911E-3B84EA13A02E} = {1990D91A-70C6-429A-88C9-9ED9AA1C6BD1}
		{B3ABA9D9-0B7F-4650-A861-2D2007016932} = {1990D91A-70C6-429A-88C9-9ED9AA1C6BD1}
		{065DCA43-1BEA-40CB-8EC4-55F3426682DD} = {29A247F1-5E3D-4B30-B100-1955E67A91FB}
		{D0AA02CB-A9D4-47B0-9E06-F96760D03D96} = {D83C5DCD-A521-49B9-B177-0AA9F75F6BBE}
		{8F63B583-B178-492B-A29D-CC395EE4537C} = {D83C5DCD-A521-49B9-B177-0AA9F75F6BBE}
		{2311E055-5759-475D-A473-0D9434B13745} = {29A247F1-5E3D-4B30-B100-1955E67A91FB}
		{717736B2-0985-420F-B2CC-6CB4B3ED94C0} = {29A247F1-5E3D-4B30-B100-1955E67A91FB}
		{C0D424AB-7992-4E6A-97FC-199B11C08776} = {1990D91A-70C6-429A-88C9-9ED9AA1C6BD1}
		{FB411058-ED61-4AD3-A684-7C64879898A9} = {1990D91A-70C6-429A-88C9-9ED9AA1C6BD1}
		{AB3E3B37-C7B5-4DDC-B23E-FAB3CE9369A8} = {EE7BEA7D-CE75-49A5-9071-0024C5984B04}
		{B98E3470-1575-469A-A76C-72DB3BEFC13B} = {93F9B0B3-7DDB-4444-AC5B-9C8F98E21784}
		{877BCB0E-B0EA-49DE-A266-02C688E88F6E} = {1990D91A-70C6-429A-88C9-9ED9AA1C6BD1}
		{11FB0A97-DBC4-4D14-A1E9-C6EF0ED66DDE} = {AA3D2B7C-9C69-4560-983A-7D04D54721D9}
		{AA3D2B7C-9C69-4560-983A-7D04D54721D9} = {1B9D4A97-DEB8-462F-AC3E-141B32B47952}
		{0BF8C4EA-04B4-4C91-B139-EF2437A7F1BD} = {29A247F1-5E3D-4B30-B100-1955E67A91FB}
		{245D7222-45B5-4DE2-BAE5-17F4F031B2A2} = {1990D91A-70C6-429A-88C9-9ED9AA1C6BD1}
		{9450F18B-E27B-4586-BA0E-E2D39D06DEDC} = {D83C5DCD-A521-49B9-B177-0AA9F75F6BBE}
		{18337ADA-68DD-4A2B-9653-21A5219D5DDA} = {D83C5DCD-A521-49B9-B177-0AA9F75F6BBE}
		{4F912E88-40D5-440D-A7A0-79332327D5E3} = {E0D9BE50-D1FF-4399-8415-0510833A1449}
		{854D7642-C9AD-4F40-8C03-E564B0F1F865} = {EE7BEA7D-CE75-49A5-9071-0024C5984B04}
		{407FBF96-3DFF-420C-95C3-F5D0E3EB1A78} = {1990D91A-70C6-429A-88C9-9ED9AA1C6BD1}
		{727D546E-DA1F-4652-8D4E-42FA07C402B8} = {EE7BEA7D-CE75-49A5-9071-0024C5984B04}
		{181E5FB6-219C-4AC9-A27D-EB1F8452B8D2} = {D83C5DCD-A521-49B9-B177-0AA9F75F6BBE}
		{D56C21F1-2CB5-44CA-A03A-35B3E3943DE1} = {EE7BEA7D-CE75-49A5-9071-0024C5984B04}
		{792FD9AC-9348-4E9B-9FC2-3F15E020E611} = {EE7BEA7D-CE75-49A5-9071-0024C5984B04}
		{F1E7EFBF-0DCD-4CE0-8E07-BAAE2B053FB0} = {D83C5DCD-A521-49B9-B177-0AA9F75F6BBE}
	EndGlobalSection
	GlobalSection(ExtensibilityGlobals) = postSolution
		SolutionGuid = {54A34651-A7DA-4CCD-86E6-1103A0446827}
	EndGlobalSection
EndGlobal
