
Microsoft Visual Studio Solution File, Format Version 12.00
# Visual Studio Version 16
VisualStudioVersion = 16.0.29403.142
MinimumVisualStudioVersion = 10.0.40219.1
Project("{FAE04EC0-301F-11D3-BF4B-00C04F79EFBC}") = "IntegracaoMFE", "IntegracaoMFE.csproj", "{D56C21F1-2CB5-44CA-A03A-35B3E3943DE1}"
EndProject
Project("{FAE04EC0-301F-11D3-BF4B-00C04F79EFBC}") = "AppTeste", "..\AppTeste\AppTeste\AppTeste.csproj", "{E5C52A02-2C48-4A0C-9310-2B6131EFBEEC}"
EndProject
Global
	GlobalSection(SolutionConfigurationPlatforms) = preSolution
		Debug|Any CPU = Debug|Any CPU
		Release|Any CPU = Release|Any CPU
	EndGlobalSection
	GlobalSection(ProjectConfigurationPlatforms) = postSolution
		{D56C21F1-2CB5-44CA-A03A-35B3E3943DE1}.Debug|Any CPU.ActiveCfg = Debug|Any CPU
		{D56C21F1-2CB5-44CA-A03A-35B3E3943DE1}.Debug|Any CPU.Build.0 = Debug|Any CPU
		{D56C21F1-2CB5-44CA-A03A-35B3E3943DE1}.Release|Any CPU.ActiveCfg = Release|Any CPU
		{D56C21F1-2CB5-44CA-A03A-35B3E3943DE1}.Release|Any CPU.Build.0 = Release|Any CPU
		{E5C52A02-2C48-4A0C-9310-2B6131EFBEEC}.Debug|Any CPU.ActiveCfg = Debug|Any CPU
		{E5C52A02-2C48-4A0C-9310-2B6131EFBEEC}.Debug|Any CPU.Build.0 = Debug|Any CPU
		{E5C52A02-2C48-4A0C-9310-2B6131EFBEEC}.Release|Any CPU.ActiveCfg = Release|Any CPU
		{E5C52A02-2C48-4A0C-9310-2B6131EFBEEC}.Release|Any CPU.Build.0 = Release|Any CPU
	EndGlobalSection
	GlobalSection(SolutionProperties) = preSolution
		HideSolutionNode = FALSE
	EndGlobalSection
	GlobalSection(ExtensibilityGlobals) = postSolution
		SolutionGuid = {B92F8557-9E99-4931-A2F1-FD7173A762CC}
	EndGlobalSection
EndGlobal
